// !$*UTF8*$!
{
	archiveVersion = 1;
	classes = {
	};
	objectVersion = 46;
	objects = {

/* Begin PBXBuildFile section */
		BA1D3A811B546E7F006FA1B1 /* main.m in Sources */ = {isa = PBXBuildFile; fileRef = BA1D3A801B546E7F006FA1B1 /* main.m */; };
		BA1D3A841B546E7F006FA1B1 /* AppDelegate.m in Sources */ = {isa = PBXBuildFile; fileRef = BA1D3A831B546E7F006FA1B1 /* AppDelegate.m */; };
		BA1D3A871B546E7F006FA1B1 /* ViewController.m in Sources */ = {isa = PBXBuildFile; fileRef = BA1D3A861B546E7F006FA1B1 /* ViewController.m */; };
		BA1D3A8A1B546E7F006FA1B1 /* Main.storyboard in Resources */ = {isa = PBXBuildFile; fileRef = BA1D3A881B546E7F006FA1B1 /* Main.storyboard */; };
		BA1D3A8C1B546E80006FA1B1 /* Images.xcassets in Resources */ = {isa = PBXBuildFile; fileRef = BA1D3A8B1B546E80006FA1B1 /* Images.xcassets */; };
		BA1D3A8F1B546E80006FA1B1 /* LaunchScreen.xib in Resources */ = {isa = PBXBuildFile; fileRef = BA1D3A8D1B546E80006FA1B1 /* LaunchScreen.xib */; };
		BA1D3A9B1B546E80006FA1B1 /* calculatorTests.m in Sources */ = {isa = PBXBuildFile; fileRef = BA1D3A9A1B546E80006FA1B1 /* calculatorTests.m */; };
/* End PBXBuildFile section */

/* Begin PBXContainerItemProxy section */
		BA1D3A951B546E80006FA1B1 /* PBXContainerItemProxy */ = {
			isa = PBXContainerItemProxy;
			containerPortal = BA1D3A731B546E7F006FA1B1 /* Project object */;
			proxyType = 1;
			remoteGlobalIDString = BA1D3A7A1B546E7F006FA1B1;
			remoteInfo = calculator;
		};
/* End PBXContainerItemProxy section */

/* Begin PBXFileReference section */
		BA1D3A7B1B546E7F006FA1B1 /* calculator.app */ = {isa = PBXFileReference; explicitFileType = wrapper.application; includeInIndex = 0; path = calculator.app; sourceTree = BUILT_PRODUCTS_DIR; };
		BA1D3A7F1B546E7F006FA1B1 /* Info.plist */ = {isa = PBXFileReference; lastKnownFileType = text.plist.xml; path = Info.plist; sourceTree = "<group>"; };
		BA1D3A801B546E7F006FA1B1 /* main.m */ = {isa = PBXFileReference; lastKnownFileType = sourcecode.c.objc; path = main.m; sourceTree = "<group>"; };
		BA1D3A821B546E7F006FA1B1 /* AppDelegate.h */ = {isa = PBXFileReference; lastKnownFileType = sourcecode.c.h; path = AppDelegate.h; sourceTree = "<group>"; };
		BA1D3A831B546E7F006FA1B1 /* AppDelegate.m */ = {isa = PBXFileReference; lastKnownFileType = sourcecode.c.objc; path = AppDelegate.m; sourceTree = "<group>"; };
		BA1D3A851B546E7F006FA1B1 /* ViewController.h */ = {isa = PBXFileReference; lastKnownFileType = sourcecode.c.h; path = ViewController.h; sourceTree = "<group>"; };
		BA1D3A861B546E7F006FA1B1 /* ViewController.m */ = {isa = PBXFileReference; lastKnownFileType = sourcecode.c.objc; path = ViewController.m; sourceTree = "<group>"; };
		BA1D3A891B546E7F006FA1B1 /* Base */ = {isa = PBXFileReference; lastKnownFileType = file.storyboard; name = Base; path = Base.lproj/Main.storyboard; sourceTree = "<group>"; };
		BA1D3A8B1B546E80006FA1B1 /* Images.xcassets */ = {isa = PBXFileReference; lastKnownFileType = folder.assetcatalog; path = Images.xcassets; sourceTree = "<group>"; };
		BA1D3A8E1B546E80006FA1B1 /* Base */ = {isa = PBXFileReference; lastKnownFileType = file.xib; name = Base; path = Base.lproj/LaunchScreen.xib; sourceTree = "<group>"; };
		BA1D3A941B546E80006FA1B1 /* calculatorTests.xctest */ = {isa = PBXFileReference; explicitFileType = wrapper.cfbundle; includeInIndex = 0; path = calculatorTests.xctest; sourceTree = BUILT_PRODUCTS_DIR; };
		BA1D3A991B546E80006FA1B1 /* Info.plist */ = {isa = PBXFileReference; lastKnownFileType = text.plist.xml; path = Info.plist; sourceTree = "<group>"; };
		BA1D3A9A1B546E80006FA1B1 /* calculatorTests.m */ = {isa = PBXFileReference; lastKnownFileType = sourcecode.c.objc; path = calculatorTests.m; sourceTree = "<group>"; };
/* End PBXFileReference section */

/* Begin PBXFrameworksBuildPhase section */
		BA1D3A781B546E7F006FA1B1 /* Frameworks */ = {
			isa = PBXFrameworksBuildPhase;
			buildActionMask = 2147483647;
			files = (
			);
			runOnlyForDeploymentPostprocessing = 0;
		};
		BA1D3A911B546E80006FA1B1 /* Frameworks */ = {
			isa = PBXFrameworksBuildPhase;
			buildActionMask = 2147483647;
			files = (
			);
			runOnlyForDeploymentPostprocessing = 0;
		};
/* End PBXFrameworksBuildPhase section */

/* Begin PBXGroup section */
		BA1D3A721B546E7F006FA1B1 = {
			isa = PBXGroup;
			children = (
				BA1D3A7D1B546E7F006FA1B1 /* calculator */,
				BA1D3A971B546E80006FA1B1 /* calculatorTests */,
				BA1D3A7C1B546E7F006FA1B1 /* Products */,
			);
			sourceTree = "<group>";
		};
		BA1D3A7C1B546E7F006FA1B1 /* Products */ = {
			isa = PBXGroup;
			children = (
				BA1D3A7B1B546E7F006FA1B1 /* calculator.app */,
				BA1D3A941B546E80006FA1B1 /* calculatorTests.xctest */,
			);
			name = Products;
			sourceTree = "<group>";
		};
		BA1D3A7D1B546E7F006FA1B1 /* calculator */ = {
			isa = PBXGroup;
			children = (
				BA1D3A821B546E7F006FA1B1 /* AppDelegate.h */,
				BA1D3A831B546E7F006FA1B1 /* AppDelegate.m */,
				BA1D3A851B546E7F006FA1B1 /* ViewController.h */,
				BA1D3A861B546E7F006FA1B1 /* ViewController.m */,
				BA1D3A881B546E7F006FA1B1 /* Main.storyboard */,
				BA1D3A8B1B546E80006FA1B1 /* Images.xcassets */,
				BA1D3A8D1B546E80006FA1B1 /* LaunchScreen.xib */,
				BA1D3A7E1B546E7F006FA1B1 /* Supporting Files */,
			);
			path = calculator;
			sourceTree = "<group>";
		};
		BA1D3A7E1B546E7F006FA1B1 /* Supporting Files */ = {
			isa = PBXGroup;
			children = (
				BA1D3A7F1B546E7F006FA1B1 /* Info.plist */,
				BA1D3A801B546E7F006FA1B1 /* main.m */,
			);
			name = "Supporting Files";
			sourceTree = "<group>";
		};
		BA1D3A971B546E80006FA1B1 /* calculatorTests */ = {
			isa = PBXGroup;
			children = (
				BA1D3A9A1B546E80006FA1B1 /* calculatorTests.m */,
				BA1D3A981B546E80006FA1B1 /* Supporting Files */,
			);
			path = calculatorTests;
			sourceTree = "<group>";
		};
		BA1D3A981B546E80006FA1B1 /* Supporting Files */ = {
			isa = PBXGroup;
			children = (
				BA1D3A991B546E80006FA1B1 /* Info.plist */,
			);
			name = "Supporting Files";
			sourceTree = "<group>";
		};
/* End PBXGroup section */

/* Begin PBXNativeTarget section */
		BA1D3A7A1B546E7F006FA1B1 /* calculator */ = {
			isa = PBXNativeTarget;
			buildConfigurationList = BA1D3A9E1B546E80006FA1B1 /* Build configuration list for PBXNativeTarget "calculator" */;
			buildPhases = (
				BA1D3A771B546E7F006FA1B1 /* Sources */,
				BA1D3A781B546E7F006FA1B1 /* Frameworks */,
				BA1D3A791B546E7F006FA1B1 /* Resources */,
			);
			buildRules = (
			);
			dependencies = (
			);
			name = calculator;
			productName = calculator;
			productReference = BA1D3A7B1B546E7F006FA1B1 /* calculator.app */;
			productType = "com.apple.product-type.application";
		};
		BA1D3A931B546E80006FA1B1 /* calculatorTests */ = {
			isa = PBXNativeTarget;
			buildConfigurationList = BA1D3AA11B546E80006FA1B1 /* Build configuration list for PBXNativeTarget "calculatorTests" */;
			buildPhases = (
				BA1D3A901B546E80006FA1B1 /* Sources */,
				BA1D3A911B546E80006FA1B1 /* Frameworks */,
				BA1D3A921B546E80006FA1B1 /* Resources */,
			);
			buildRules = (
			);
			dependencies = (
				BA1D3A961B546E80006FA1B1 /* PBXTargetDependency */,
			);
			name = calculatorTests;
			productName = calculatorTests;
			productReference = BA1D3A941B546E80006FA1B1 /* calculatorTests.xctest */;
			productType = "com.apple.product-type.bundle.unit-test";
		};
/* End PBXNativeTarget section */

/* Begin PBXProject section */
		BA1D3A731B546E7F006FA1B1 /* Project object */ = {
			isa = PBXProject;
			attributes = {
				LastUpgradeCheck = 0640;
				ORGANIZATIONNAME = "Ben Cooper";
				TargetAttributes = {
					BA1D3A7A1B546E7F006FA1B1 = {
						CreatedOnToolsVersion = 6.4;
					};
					BA1D3A931B546E80006FA1B1 = {
						CreatedOnToolsVersion = 6.4;
						TestTargetID = BA1D3A7A1B546E7F006FA1B1;
					};
				};
			};
			buildConfigurationList = BA1D3A761B546E7F006FA1B1 /* Build configuration list for PBXProject "calculator" */;
			compatibilityVersion = "Xcode 3.2";
			developmentRegion = English;
			hasScannedForEncodings = 0;
			knownRegions = (
				en,
				Base,
			);
			mainGroup = BA1D3A721B546E7F006FA1B1;
			productRefGroup = BA1D3A7C1B546E7F006FA1B1 /* Products */;
			projectDirPath = "";
			projectRoot = "";
			targets = (
				BA1D3A7A1B546E7F006FA1B1 /* calculator */,
				BA1D3A931B546E80006FA1B1 /* calculatorTests */,
			);
		};
/* End PBXProject section */

/* Begin PBXResourcesBuildPhase section */
		BA1D3A791B546E7F006FA1B1 /* Resources */ = {
			isa = PBXResourcesBuildPhase;
			buildActionMask = 2147483647;
			files = (
				BA1D3A8A1B546E7F006FA1B1 /* Main.storyboard in Resources */,
				BA1D3A8F1B546E80006FA1B1 /* LaunchScreen.xib in Resources */,
				BA1D3A8C1B546E80006FA1B1 /* Images.xcassets in Resources */,
			);
			runOnlyForDeploymentPostprocessing = 0;
		};
		BA1D3A921B546E80006FA1B1 /* Resources */ = {
			isa = PBXResourcesBuildPhase;
			buildActionMask = 2147483647;
			files = (
			);
			runOnlyForDeploymentPostprocessing = 0;
		};
/* End PBXResourcesBuildPhase section */

/* Begin PBXSourcesBuildPhase section */
		BA1D3A771B546E7F006FA1B1 /* Sources */ = {
			isa = PBXSourcesBuildPhase;
			buildActionMask = 2147483647;
			files = (
				BA1D3A871B546E7F006FA1B1 /* ViewController.m in Sources */,
				BA1D3A841B546E7F006FA1B1 /* AppDelegate.m in Sources */,
				BA1D3A811B546E7F006FA1B1 /* main.m in Sources */,
			);
			runOnlyForDeploymentPostprocessing = 0;
		};
		BA1D3A901B546E80006FA1B1 /* Sources */ = {
			isa = PBXSourcesBuildPhase;
			buildActionMask = 2147483647;
			files = (
				BA1D3A9B1B546E80006FA1B1 /* calculatorTests.m in Sources */,
			);
			runOnlyForDeploymentPostprocessing = 0;
		};
/* End PBXSourcesBuildPhase section */

/* Begin PBXTargetDependency section */
		BA1D3A961B546E80006FA1B1 /* PBXTargetDependency */ = {
			isa = PBXTargetDependency;
			target = BA1D3A7A1B546E7F006FA1B1 /* calculator */;
			targetProxy = BA1D3A951B546E80006FA1B1 /* PBXContainerItemProxy */;
		};
/* End PBXTargetDependency section */

/* Begin PBXVariantGroup section */
		BA1D3A881B546E7F006FA1B1 /* Main.storyboard */ = {
			isa = PBXVariantGroup;
			children = (
				BA1D3A891B546E7F006FA1B1 /* Base */,
			);
			name = Main.storyboard;
			sourceTree = "<group>";
		};
		BA1D3A8D1B546E80006FA1B1 /* LaunchScreen.xib */ = {
			isa = PBXVariantGroup;
			children = (
				BA1D3A8E1B546E80006FA1B1 /* Base */,
			);
			name = LaunchScreen.xib;
			sourceTree = "<group>";
		};
/* End PBXVariantGroup section */

/* Begin XCBuildConfiguration section */
		BA1D3A9C1B546E80006FA1B1 /* Debug */ = {
			isa = XCBuildConfiguration;
			buildSettings = {
				ALWAYS_SEARCH_USER_PATHS = NO;
				CLANG_CXX_LANGUAGE_STANDARD = "gnu++0x";
				CLANG_CXX_LIBRARY = "libc++";
				CLANG_ENABLE_MODULES = YES;
				CLANG_ENABLE_OBJC_ARC = YES;
				CLANG_WARN_BOOL_CONVERSION = YES;
				CLANG_WARN_CONSTANT_CONVERSION = YES;
				CLANG_WARN_DIRECT_OBJC_ISA_USAGE = YES_ERROR;
				CLANG_WARN_EMPTY_BODY = YES;
				CLANG_WARN_ENUM_CONVERSION = YES;
				CLANG_WARN_INT_CONVERSION = YES;
				CLANG_WARN_OBJC_ROOT_CLASS = YES_ERROR;
				CLANG_WARN_UNREACHABLE_CODE = YES;
				CLANG_WARN__DUPLICATE_METHOD_MATCH = YES;
				"CODE_SIGN_IDENTITY[sdk=iphoneos*]" = "iPhone Developer";
				COPY_PHASE_STRIP = NO;
				DEBUG_INFORMATION_FORMAT = "dwarf-with-dsym";
				ENABLE_STRICT_OBJC_MSGSEND = YES;
				GCC_C_LANGUAGE_STANDARD = gnu99;
				GCC_DYNAMIC_NO_PIC = NO;
				GCC_NO_COMMON_BLOCKS = YES;
				GCC_OPTIMIZATION_LEVEL = 0;
				GCC_PREPROCESSOR_DEFINITIONS = (
					"DEBUG=1",
					"$(inherited)",
				);
				GCC_SYMBOLS_PRIVATE_EXTERN = NO;
				GCC_WARN_64_TO_32_BIT_CONVERSION = YES;
				GCC_WARN_ABOUT_RETURN_TYPE = YES_ERROR;
				GCC_WARN_UNDECLARED_SELECTOR = YES;
				GCC_WARN_UNINITIALIZED_AUTOS = YES_AGGRESSIVE;
				GCC_WARN_UNUSED_FUNCTION = YES;
				GCC_WARN_UNUSED_VARIABLE = YES;
				IPHONEOS_DEPLOYMENT_TARGET = 8.4;
				MTL_ENABLE_DEBUG_INFO = YES;
				ONLY_ACTIVE_ARCH = YES;
				SDKROOT = iphoneos;
			};
			name = Debug;
		};
		BA1D3A9D1B546E80006FA1B1 /* Release */ = {
			isa = XCBuildConfiguration;
			buildSettings = {
				ALWAYS_SEARCH_USER_PATHS = NO;
				CLANG_CXX_LANGUAGE_STANDARD = "gnu++0x";
				CLANG_CXX_LIBRARY = "libc++";
				CLANG_ENABLE_MODULES = YES;
				CLANG_ENABLE_OBJC_ARC = YES;
				CLANG_WARN_BOOL_CONVERSION = YES;
				CLANG_WARN_CONSTANT_CONVERSION = YES;
				CLANG_WARN_DIRECT_OBJC_ISA_USAGE = YES_ERROR;
				CLANG_WARN_EMPTY_BODY = YES;
				CLANG_WARN_ENUM_CONVERSION = YES;
				CLANG_WARN_INT_CONVERSION = YES;
				CLANG_WARN_OBJC_ROOT_CLASS = YES_ERROR;
				CLANG_WARN_UNREACHABLE_CODE = YES;
				CLANG_WARN__DUPLICATE_METHOD_MATCH = YES;
				"CODE_SIGN_IDENTITY[sdk=iphoneos*]" = "iPhone Developer";
				COPY_PHASE_STRIP = NO;
				DEBUG_INFORMATION_FORMAT = "dwarf-with-dsym";
				ENABLE_NS_ASSERTIONS = NO;
				ENABLE_STRICT_OBJC_MSGSEND = YES;
				GCC_C_LANGUAGE_STANDARD = gnu99;
				GCC_NO_COMMON_BLOCKS = YES;
				GCC_WARN_64_TO_32_BIT_CONVERSION = YES;
				GCC_WARN_ABOUT_RETURN_TYPE = YES_ERROR;
				GCC_WARN_UNDECLARED_SELECTOR = YES;
				GCC_WARN_UNINITIALIZED_AUTOS = YES_AGGRESSIVE;
				GCC_WARN_UNUSED_FUNCTION = YES;
				GCC_WARN_UNUSED_VARIABLE = YES;
				IPHONEOS_DEPLOYMENT_TARGET = 8.4;
				MTL_ENABLE_DEBUG_INFO = NO;
				SDKROOT = iphoneos;
				VALIDATE_PRODUCT = YES;
			};
			name = Release;
		};
		BA1D3A9F1B546E80006FA1B1 /* Debug */ = {
			isa = XCBuildConfiguration;
			buildSettings = {
				ASSETCATALOG_COMPILER_APPICON_NAME = AppIcon;
				INFOPLIST_FILE = calculator/Info.plist;
				LD_RUNPATH_SEARCH_PATHS = "$(inherited) @executable_path/Frameworks";
				PRODUCT_NAME = "$(TARGET_NAME)";
			};
			name = Debug;
		};
		BA1D3AA01B546E80006FA1B1 /* Release */ = {
			isa = XCBuildConfiguration;
			buildSettings = {
				ASSETCATALOG_COMPILER_APPICON_NAME = AppIcon;
				INFOPLIST_FILE = calculator/Info.plist;
				LD_RUNPATH_SEARCH_PATHS = "$(inherited) @executable_path/Frameworks";
				PRODUCT_NAME = "$(TARGET_NAME)";
			};
			name = Release;
		};
		BA1D3AA21B546E80006FA1B1 /* Debug */ = {
			isa = XCBuildConfiguration;
			buildSettings = {
				BUNDLE_LOADER = "$(TEST_HOST)";
				FRAMEWORK_SEARCH_PATHS = (
					"$(SDKROOT)/Developer/Library/Frameworks",
					"$(inherited)",
				);
				GCC_PREPROCESSOR_DEFINITIONS = (
					"DEBUG=1",
					"$(inherited)",
				);
				INFOPLIST_FILE = calculatorTests/Info.plist;
				LD_RUNPATH_SEARCH_PATHS = "$(inherited) @executable_path/Frameworks @loader_path/Frameworks";
				PRODUCT_NAME = "$(TARGET_NAME)";
				TEST_HOST = "$(BUILT_PRODUCTS_DIR)/calculator.app/calculator";
			};
			name = Debug;
		};
		BA1D3AA31B546E80006FA1B1 /* Release */ = {
			isa = XCBuildConfiguration;
			buildSettings = {
				BUNDLE_LOADER = "$(TEST_HOST)";
				FRAMEWORK_SEARCH_PATHS = (
					"$(SDKROOT)/Developer/Library/Frameworks",
					"$(inherited)",
				);
				INFOPLIST_FILE = calculatorTests/Info.plist;
				LD_RUNPATH_SEARCH_PATHS = "$(inherited) @executable_path/Frameworks @loader_path/Frameworks";
				PRODUCT_NAME = "$(TARGET_NAME)";
				TEST_HOST = "$(BUILT_PRODUCTS_DIR)/calculator.app/calculator";
			};
			name = Release;
		};
/* End XCBuildConfiguration section */

/* Begin XCConfigurationList section */
		BA1D3A761B546E7F006FA1B1 /* Build configuration list for PBXProject "calculator" */ = {
			isa = XCConfigurationList;
			buildConfigurations = (
				BA1D3A9C1B546E80006FA1B1 /* Debug */,
				BA1D3A9D1B546E80006FA1B1 /* Release */,
			);
			defaultConfigurationIsVisible = 0;
			defaultConfigurationName = Release;
		};
		BA1D3A9E1B546E80006FA1B1 /* Build configuration list for PBXNativeTarget "calculator" */ = {
			isa = XCConfigurationList;
			buildConfigurations = (
				BA1D3A9F1B546E80006FA1B1 /* Debug */,
				BA1D3AA01B546E80006FA1B1 /* Release */,
			);
			defaultConfigurationIsVisible = 0;
		};
		BA1D3AA11B546E80006FA1B1 /* Build configuration list for PBXNativeTarget "calculatorTests" */ = {
			isa = XCConfigurationList;
			buildConfigurations = (
				BA1D3AA21B546E80006FA1B1 /* Debug */,
				BA1D3AA31B546E80006FA1B1 /* Release */,
			);
			defaultConfigurationIsVisible = 0;
		};
/* End XCConfigurationList section */
	};
	rootObject = BA1D3A731B546E7F006FA1B1 /* Project object */;
}
